// !$*UTF8*$!
{
	archiveVersion = 1;
	classes = {
	};
	objectVersion = 50;
	objects = {

/* Begin PBXBuildFile section */
		F61542B8253E0C9D009DE737 /* CustomTableViewCell.m in Sources */ = {isa = PBXBuildFile; fileRef = F61542B7253E0C9D009DE737 /* CustomTableViewCell.m */; };
		F621A85B2534C2BC003FA2A2 /* AppDelegate.m in Sources */ = {isa = PBXBuildFile; fileRef = F621A85A2534C2BC003FA2A2 /* AppDelegate.m */; };
		F621A85E2534C2BC003FA2A2 /* SceneDelegate.m in Sources */ = {isa = PBXBuildFile; fileRef = F621A85D2534C2BC003FA2A2 /* SceneDelegate.m */; };
		F621A8612534C2BC003FA2A2 /* MainViewController.m in Sources */ = {isa = PBXBuildFile; fileRef = F621A8602534C2BC003FA2A2 /* MainViewController.m */; };
		F621A8662534C2BF003FA2A2 /* Assets.xcassets in Resources */ = {isa = PBXBuildFile; fileRef = F621A8652534C2BF003FA2A2 /* Assets.xcassets */; };
		F621A8692534C2BF003FA2A2 /* LaunchScreen.storyboard in Resources */ = {isa = PBXBuildFile; fileRef = F621A8672534C2BF003FA2A2 /* LaunchScreen.storyboard */; };
		F621A86C2534C2BF003FA2A2 /* main.m in Sources */ = {isa = PBXBuildFile; fileRef = F621A86B2534C2BF003FA2A2 /* main.m */; };
		F621A8782539B797003FA2A2 /* NewsTableViewController.m in Sources */ = {isa = PBXBuildFile; fileRef = F621A8772539B797003FA2A2 /* NewsTableViewController.m */; };
		F6B112862541E963006FC16D /* NewsApiManager.m in Sources */ = {isa = PBXBuildFile; fileRef = F6B112852541E963006FC16D /* NewsApiManager.m */; };
		F6B1128E254299BD006FC16D /* NewsItem.m in Sources */ = {isa = PBXBuildFile; fileRef = F6B1128D254299BD006FC16D /* NewsItem.m */; };
/* End PBXBuildFile section */

/* Begin PBXFileReference section */
		F61542B6253E0C9D009DE737 /* CustomTableViewCell.h */ = {isa = PBXFileReference; lastKnownFileType = sourcecode.c.h; path = CustomTableViewCell.h; sourceTree = "<group>"; };
		F61542B7253E0C9D009DE737 /* CustomTableViewCell.m */ = {isa = PBXFileReference; lastKnownFileType = sourcecode.c.objc; path = CustomTableViewCell.m; sourceTree = "<group>"; };
		F621A8562534C2BC003FA2A2 /* aviaEduard.app */ = {isa = PBXFileReference; explicitFileType = wrapper.application; includeInIndex = 0; path = aviaEduard.app; sourceTree = BUILT_PRODUCTS_DIR; };
		F621A8592534C2BC003FA2A2 /* AppDelegate.h */ = {isa = PBXFileReference; lastKnownFileType = sourcecode.c.h; path = AppDelegate.h; sourceTree = "<group>"; };
		F621A85A2534C2BC003FA2A2 /* AppDelegate.m */ = {isa = PBXFileReference; lastKnownFileType = sourcecode.c.objc; path = AppDelegate.m; sourceTree = "<group>"; };
		F621A85C2534C2BC003FA2A2 /* SceneDelegate.h */ = {isa = PBXFileReference; lastKnownFileType = sourcecode.c.h; path = SceneDelegate.h; sourceTree = "<group>"; };
		F621A85D2534C2BC003FA2A2 /* SceneDelegate.m */ = {isa = PBXFileReference; lastKnownFileType = sourcecode.c.objc; path = SceneDelegate.m; sourceTree = "<group>"; };
		F621A85F2534C2BC003FA2A2 /* MainViewController.h */ = {isa = PBXFileReference; lastKnownFileType = sourcecode.c.h; path = MainViewController.h; sourceTree = "<group>"; };
		F621A8602534C2BC003FA2A2 /* MainViewController.m */ = {isa = PBXFileReference; lastKnownFileType = sourcecode.c.objc; path = MainViewController.m; sourceTree = "<group>"; };
		F621A8652534C2BF003FA2A2 /* Assets.xcassets */ = {isa = PBXFileReference; lastKnownFileType = folder.assetcatalog; path = Assets.xcassets; sourceTree = "<group>"; };
		F621A8682534C2BF003FA2A2 /* Base */ = {isa = PBXFileReference; lastKnownFileType = file.storyboard; name = Base; path = Base.lproj/LaunchScreen.storyboard; sourceTree = "<group>"; };
		F621A86A2534C2BF003FA2A2 /* Info.plist */ = {isa = PBXFileReference; lastKnownFileType = text.plist.xml; path = Info.plist; sourceTree = "<group>"; };
		F621A86B2534C2BF003FA2A2 /* main.m */ = {isa = PBXFileReference; lastKnownFileType = sourcecode.c.objc; path = main.m; sourceTree = "<group>"; };
		F621A8762539B797003FA2A2 /* NewsTableViewController.h */ = {isa = PBXFileReference; lastKnownFileType = sourcecode.c.h; path = NewsTableViewController.h; sourceTree = "<group>"; };
		F621A8772539B797003FA2A2 /* NewsTableViewController.m */ = {isa = PBXFileReference; lastKnownFileType = sourcecode.c.objc; path = NewsTableViewController.m; sourceTree = "<group>"; };
		F6B112852541E963006FC16D /* NewsApiManager.m */ = {isa = PBXFileReference; lastKnownFileType = sourcecode.c.objc; path = NewsApiManager.m; sourceTree = "<group>"; };
		F6B1128C254299BD006FC16D /* NewsItem.h */ = {isa = PBXFileReference; lastKnownFileType = sourcecode.c.h; path = NewsItem.h; sourceTree = "<group>"; };
		F6B1128D254299BD006FC16D /* NewsItem.m */ = {isa = PBXFileReference; lastKnownFileType = sourcecode.c.objc; path = NewsItem.m; sourceTree = "<group>"; };
/* End PBXFileReference section */

/* Begin PBXFrameworksBuildPhase section */
		F621A8532534C2BC003FA2A2 /* Frameworks */ = {
			isa = PBXFrameworksBuildPhase;
			buildActionMask = 2147483647;
			files = (
			);
			runOnlyForDeploymentPostprocessing = 0;
		};
/* End PBXFrameworksBuildPhase section */

/* Begin PBXGroup section */
		F621A84D2534C2BC003FA2A2 = {
			isa = PBXGroup;
			children = (
				F621A8582534C2BC003FA2A2 /* aviaEduard */,
				F621A8572534C2BC003FA2A2 /* Products */,
			);
			sourceTree = "<group>";
		};
		F621A8572534C2BC003FA2A2 /* Products */ = {
			isa = PBXGroup;
			children = (
				F621A8562534C2BC003FA2A2 /* aviaEduard.app */,
			);
			name = Products;
			sourceTree = "<group>";
		};
		F621A8582534C2BC003FA2A2 /* aviaEduard */ = {
			isa = PBXGroup;
			children = (
				F621A8592534C2BC003FA2A2 /* AppDelegate.h */,
				F621A85A2534C2BC003FA2A2 /* AppDelegate.m */,
				F621A85C2534C2BC003FA2A2 /* SceneDelegate.h */,
				F621A85D2534C2BC003FA2A2 /* SceneDelegate.m */,
				F621A85F2534C2BC003FA2A2 /* MainViewController.h */,
				F621A8602534C2BC003FA2A2 /* MainViewController.m */,
				F621A8762539B797003FA2A2 /* NewsTableViewController.h */,
				F621A8772539B797003FA2A2 /* NewsTableViewController.m */,
				F6B1128C254299BD006FC16D /* NewsItem.h */,
				F6B1128D254299BD006FC16D /* NewsItem.m */,
				F621A8652534C2BF003FA2A2 /* Assets.xcassets */,
				F621A8672534C2BF003FA2A2 /* LaunchScreen.storyboard */,
				F621A86A2534C2BF003FA2A2 /* Info.plist */,
				F6B112852541E963006FC16D /* NewsApiManager.m */,
				F621A86B2534C2BF003FA2A2 /* main.m */,
				F61542B6253E0C9D009DE737 /* CustomTableViewCell.h */,
				F61542B7253E0C9D009DE737 /* CustomTableViewCell.m */,
			);
			path = aviaEduard;
			sourceTree = "<group>";
		};
/* End PBXGroup section */

/* Begin PBXNativeTarget section */
		F621A8552534C2BC003FA2A2 /* aviaEduard */ = {
			isa = PBXNativeTarget;
			buildConfigurationList = F621A86F2534C2BF003FA2A2 /* Build configuration list for PBXNativeTarget "aviaEduard" */;
			buildPhases = (
				F621A8522534C2BC003FA2A2 /* Sources */,
				F621A8532534C2BC003FA2A2 /* Frameworks */,
				F621A8542534C2BC003FA2A2 /* Resources */,
			);
			buildRules = (
			);
			dependencies = (
			);
			name = aviaEduard;
			productName = aviaEduard;
			productReference = F621A8562534C2BC003FA2A2 /* aviaEduard.app */;
			productType = "com.apple.product-type.application";
		};
/* End PBXNativeTarget section */

/* Begin PBXProject section */
		F621A84E2534C2BC003FA2A2 /* Project object */ = {
			isa = PBXProject;
			attributes = {
				LastUpgradeCheck = 1200;
				TargetAttributes = {
					F621A8552534C2BC003FA2A2 = {
						CreatedOnToolsVersion = 12.0;
					};
				};
			};
			buildConfigurationList = F621A8512534C2BC003FA2A2 /* Build configuration list for PBXProject "aviaEduard" */;
			compatibilityVersion = "Xcode 9.3";
			developmentRegion = en;
			hasScannedForEncodings = 0;
			knownRegions = (
				en,
				Base,
			);
			mainGroup = F621A84D2534C2BC003FA2A2;
			productRefGroup = F621A8572534C2BC003FA2A2 /* Products */;
			projectDirPath = "";
			projectRoot = "";
			targets = (
				F621A8552534C2BC003FA2A2 /* aviaEduard */,
			);
		};
/* End PBXProject section */

/* Begin PBXResourcesBuildPhase section */
		F621A8542534C2BC003FA2A2 /* Resources */ = {
			isa = PBXResourcesBuildPhase;
			buildActionMask = 2147483647;
			files = (
				F621A8692534C2BF003FA2A2 /* LaunchScreen.storyboard in Resources */,
				F621A8662534C2BF003FA2A2 /* Assets.xcassets in Resources */,
			);
			runOnlyForDeploymentPostprocessing = 0;
		};
/* End PBXResourcesBuildPhase section */

/* Begin PBXSourcesBuildPhase section */
		F621A8522534C2BC003FA2A2 /* Sources */ = {
			isa = PBXSourcesBuildPhase;
			buildActionMask = 2147483647;
			files = (
				F621A8612534C2BC003FA2A2 /* MainViewController.m in Sources */,
				F6B1128E254299BD006FC16D /* NewsItem.m in Sources */,
				F621A8782539B797003FA2A2 /* NewsTableViewController.m in Sources */,
				F61542B8253E0C9D009DE737 /* CustomTableViewCell.m in Sources */,
				F621A85B2534C2BC003FA2A2 /* AppDelegate.m in Sources */,
				F6B112862541E963006FC16D /* NewsApiManager.m in Sources */,
				F621A86C2534C2BF003FA2A2 /* main.m in Sources */,
				F621A85E2534C2BC003FA2A2 /* SceneDelegate.m in Sources */,
			);
			runOnlyForDeploymentPostprocessing = 0;
		};
/* End PBXSourcesBuildPhase section */

/* Begin PBXVariantGroup section */
		F621A8672534C2BF003FA2A2 /* LaunchScreen.storyboard */ = {
			isa = PBXVariantGroup;
			children = (
				F621A8682534C2BF003FA2A2 /* Base */,
			);
			name = LaunchScreen.storyboard;
			sourceTree = "<group>";
		};
/* End PBXVariantGroup section */

/* Begin XCBuildConfiguration section */
		F621A86D2534C2BF003FA2A2 /* Debug */ = {
			isa = XCBuildConfiguration;
			buildSettings = {
				ALWAYS_SEARCH_USER_PATHS = NO;
				CLANG_ANALYZER_NONNULL = YES;
				CLANG_ANALYZER_NUMBER_OBJECT_CONVERSION = YES_AGGRESSIVE;
				CLANG_CXX_LANGUAGE_STANDARD = "gnu++14";
				CLANG_CXX_LIBRARY = "libc++";
				CLANG_ENABLE_MODULES = YES;
				CLANG_ENABLE_OBJC_ARC = YES;
				CLANG_ENABLE_OBJC_WEAK = YES;
				CLANG_WARN_BLOCK_CAPTURE_AUTORELEASING = YES;
				CLANG_WARN_BOOL_CONVERSION = YES;
				CLANG_WARN_COMMA = YES;
				CLANG_WARN_CONSTANT_CONVERSION = YES;
				CLANG_WARN_DEPRECATED_OBJC_IMPLEMENTATIONS = YES;
				CLANG_WARN_DIRECT_OBJC_ISA_USAGE = YES_ERROR;
				CLANG_WARN_DOCUMENTATION_COMMENTS = YES;
				CLANG_WARN_EMPTY_BODY = YES;
				CLANG_WARN_ENUM_CONVERSION = YES;
				CLANG_WARN_INFINITE_RECURSION = YES;
				CLANG_WARN_INT_CONVERSION = YES;
				CLANG_WARN_NON_LITERAL_NULL_CONVERSION = YES;
				CLANG_WARN_OBJC_IMPLICIT_RETAIN_SELF = YES;
				CLANG_WARN_OBJC_LITERAL_CONVERSION = YES;
				CLANG_WARN_OBJC_ROOT_CLASS = YES_ERROR;
				CLANG_WARN_QUOTED_INCLUDE_IN_FRAMEWORK_HEADER = YES;
				CLANG_WARN_RANGE_LOOP_ANALYSIS = YES;
				CLANG_WARN_STRICT_PROTOTYPES = YES;
				CLANG_WARN_SUSPICIOUS_MOVE = YES;
				CLANG_WARN_UNGUARDED_AVAILABILITY = YES_AGGRESSIVE;
				CLANG_WARN_UNREACHABLE_CODE = YES;
				CLANG_WARN__DUPLICATE_METHOD_MATCH = YES;
				COPY_PHASE_STRIP = NO;
				DEBUG_INFORMATION_FORMAT = dwarf;
				ENABLE_STRICT_OBJC_MSGSEND = YES;
				ENABLE_TESTABILITY = YES;
				GCC_C_LANGUAGE_STANDARD = gnu11;
				GCC_DYNAMIC_NO_PIC = NO;
				GCC_NO_COMMON_BLOCKS = YES;
				GCC_OPTIMIZATION_LEVEL = 0;
				GCC_PREPROCESSOR_DEFINITIONS = (
					"DEBUG=1",
					"$(inherited)",
				);
				GCC_WARN_64_TO_32_BIT_CONVERSION = YES;
				GCC_WARN_ABOUT_RETURN_TYPE = YES_ERROR;
				GCC_WARN_UNDECLARED_SELECTOR = YES;
				GCC_WARN_UNINITIALIZED_AUTOS = YES_AGGRESSIVE;
				GCC_WARN_UNUSED_FUNCTION = YES;
				GCC_WARN_UNUSED_VARIABLE = YES;
				IPHONEOS_DEPLOYMENT_TARGET = 14.0;
				MTL_ENABLE_DEBUG_INFO = INCLUDE_SOURCE;
				MTL_FAST_MATH = YES;
				ONLY_ACTIVE_ARCH = YES;
				SDKROOT = iphoneos;
			};
			name = Debug;
		};
		F621A86E2534C2BF003FA2A2 /* Release */ = {
			isa = XCBuildConfiguration;
			buildSettings = {
				ALWAYS_SEARCH_USER_PATHS = NO;
				CLANG_ANALYZER_NONNULL = YES;
				CLANG_ANALYZER_NUMBER_OBJECT_CONVERSION = YES_AGGRESSIVE;
				CLANG_CXX_LANGUAGE_STANDARD = "gnu++14";
				CLANG_CXX_LIBRARY = "libc++";
				CLANG_ENABLE_MODULES = YES;
				CLANG_ENABLE_OBJC_ARC = YES;
				CLANG_ENABLE_OBJC_WEAK = YES;
				CLANG_WARN_BLOCK_CAPTURE_AUTORELEASING = YES;
				CLANG_WARN_BOOL_CONVERSION = YES;
				CLANG_WARN_COMMA = YES;
				CLANG_WARN_CONSTANT_CONVERSION = YES;
				CLANG_WARN_DEPRECATED_OBJC_IMPLEMENTATIONS = YES;
				CLANG_WARN_DIRECT_OBJC_ISA_USAGE = YES_ERROR;
				CLANG_WARN_DOCUMENTATION_COMMENTS = YES;
				CLANG_WARN_EMPTY_BODY = YES;
				CLANG_WARN_ENUM_CONVERSION = YES;
				CLANG_WARN_INFINITE_RECURSION = YES;
				CLANG_WARN_INT_CONVERSION = YES;
				CLANG_WARN_NON_LITERAL_NULL_CONVERSION = YES;
				CLANG_WARN_OBJC_IMPLICIT_RETAIN_SELF = YES;
				CLANG_WARN_OBJC_LITERAL_CONVERSION = YES;
				CLANG_WARN_OBJC_ROOT_CLASS = YES_ERROR;
				CLANG_WARN_QUOTED_INCLUDE_IN_FRAMEWORK_HEADER = YES;
				CLANG_WARN_RANGE_LOOP_ANALYSIS = YES;
				CLANG_WARN_STRICT_PROTOTYPES = YES;
				CLANG_WARN_SUSPICIOUS_MOVE = YES;
				CLANG_WARN_UNGUARDED_AVAILABILITY = YES_AGGRESSIVE;
				CLANG_WARN_UNREACHABLE_CODE = YES;
				CLANG_WARN__DUPLICATE_METHOD_MATCH = YES;
				COPY_PHASE_STRIP = NO;
				DEBUG_INFORMATION_FORMAT = "dwarf-with-dsym";
				ENABLE_NS_ASSERTIONS = NO;
				ENABLE_STRICT_OBJC_MSGSEND = YES;
				GCC_C_LANGUAGE_STANDARD = gnu11;
				GCC_NO_COMMON_BLOCKS = YES;
				GCC_WARN_64_TO_32_BIT_CONVERSION = YES;
				GCC_WARN_ABOUT_RETURN_TYPE = YES_ERROR;
				GCC_WARN_UNDECLARED_SELECTOR = YES;
				GCC_WARN_UNINITIALIZED_AUTOS = YES_AGGRESSIVE;
				GCC_WARN_UNUSED_FUNCTION = YES;
				GCC_WARN_UNUSED_VARIABLE = YES;
				IPHONEOS_DEPLOYMENT_TARGET = 14.0;
				MTL_ENABLE_DEBUG_INFO = NO;
				MTL_FAST_MATH = YES;
				SDKROOT = iphoneos;
				VALIDATE_PRODUCT = YES;
			};
			name = Release;
		};
		F621A8702534C2BF003FA2A2 /* Debug */ = {
			isa = XCBuildConfiguration;
			buildSettings = {
				ASSETCATALOG_COMPILER_APPICON_NAME = AppIcon;
				ASSETCATALOG_COMPILER_GLOBAL_ACCENT_COLOR_NAME = AccentColor;
				CODE_SIGN_STYLE = Automatic;
				DEVELOPMENT_TEAM = F338VGT4N3;
				INFOPLIST_FILE = aviaEduard/Info.plist;
				LD_RUNPATH_SEARCH_PATHS = (
					"$(inherited)",
					"@executable_path/Frameworks",
				);
				PRODUCT_BUNDLE_IDENTIFIER = "Eduard-Farkhshatov.aviaEduard";
				PRODUCT_NAME = "$(TARGET_NAME)";
				TARGETED_DEVICE_FAMILY = 1;
			};
			name = Debug;
		};
		F621A8712534C2BF003FA2A2 /* Release */ = {
			isa = XCBuildConfiguration;
			buildSettings = {
				ASSETCATALOG_COMPILER_APPICON_NAME = AppIcon;
				ASSETCATALOG_COMPILER_GLOBAL_ACCENT_COLOR_NAME = AccentColor;
				CODE_SIGN_STYLE = Automatic;
				DEVELOPMENT_TEAM = F338VGT4N3;
				INFOPLIST_FILE = aviaEduard/Info.plist;
				LD_RUNPATH_SEARCH_PATHS = (
					"$(inherited)",
					"@executable_path/Frameworks",
				);
				PRODUCT_BUNDLE_IDENTIFIER = "Eduard-Farkhshatov.aviaEduard";
				PRODUCT_NAME = "$(TARGET_NAME)";
				TARGETED_DEVICE_FAMILY = 1;
			};
			name = Release;
		};
/* End XCBuildConfiguration section */

/* Begin XCConfigurationList section */
		F621A8512534C2BC003FA2A2 /* Build configuration list for PBXProject "aviaEduard" */ = {
			isa = XCConfigurationList;
			buildConfigurations = (
				F621A86D2534C2BF003FA2A2 /* Debug */,
				F621A86E2534C2BF003FA2A2 /* Release */,
			);
			defaultConfigurationIsVisible = 0;
			defaultConfigurationName = Release;
		};
		F621A86F2534C2BF003FA2A2 /* Build configuration list for PBXNativeTarget "aviaEduard" */ = {
			isa = XCConfigurationList;
			buildConfigurations = (
				F621A8702534C2BF003FA2A2 /* Debug */,
				F621A8712534C2BF003FA2A2 /* Release */,
			);
			defaultConfigurationIsVisible = 0;
			defaultConfigurationName = Release;
		};
/* End XCConfigurationList section */
	};
	rootObject = F621A84E2534C2BC003FA2A2 /* Project object */;
}
